
Microsoft Visual Studio Solution File, Format Version 12.00
# Visual Studio Version 17
VisualStudioVersion = 17.14.36429.23
MinimumVisualStudioVersion = 10.0.40219.1
Project("{FAE04EC0-301F-11D3-BF4B-00C04F79EFBC}") = "PollosHermanos.WEB", "PollosHermanos.WEB\PollosHermanos.WEB.csproj", "{81775B11-C070-40FB-A713-5D933B96DAE7}"
EndProject
Project("{FAE04EC0-301F-11D3-BF4B-00C04F79EFBC}") = "Abstracciones", "Abstracciones\Abstracciones.csproj", "{9A1710B1-B718-4883-8BD6-82D39589DA4F}"
EndProject
Project("{FAE04EC0-301F-11D3-BF4B-00C04F79EFBC}") = "Reglas", "Reglas\Reglas.csproj", "{C73AD09E-374C-4FEC-8AF0-44CCA291FF11}"
EndProject
Global
	GlobalSection(SolutionConfigurationPlatforms) = preSolution
		Debug|Any CPU = Debug|Any CPU
		Release|Any CPU = Release|Any CPU
	EndGlobalSection
	GlobalSection(ProjectConfigurationPlatforms) = postSolution
		{81775B11-C070-40FB-A713-5D933B96DAE7}.Debug|Any CPU.ActiveCfg = Debug|Any CPU
		{81775B11-C070-40FB-A713-5D933B96DAE7}.Debug|Any CPU.Build.0 = Debug|Any CPU
		{81775B11-C070-40FB-A713-5D933B96DAE7}.Release|Any CPU.ActiveCfg = Release|Any CPU
		{81775B11-C070-40FB-A713-5D933B96DAE7}.Release|Any CPU.Build.0 = Release|Any CPU
		{9A1710B1-B718-4883-8BD6-82D39589DA4F}.Debug|Any CPU.ActiveCfg = Debug|Any CPU
		{9A1710B1-B718-4883-8BD6-82D39589DA4F}.Debug|Any CPU.Build.0 = Debug|Any CPU
		{9A1710B1-B718-4883-8BD6-82D39589DA4F}.Release|Any CPU.ActiveCfg = Release|Any CPU
		{9A1710B1-B718-4883-8BD6-82D39589DA4F}.Release|Any CPU.Build.0 = Release|Any CPU
		{C73AD09E-374C-4FEC-8AF0-44CCA291FF11}.Debug|Any CPU.ActiveCfg = Debug|Any CPU
		{C73AD09E-374C-4FEC-8AF0-44CCA291FF11}.Debug|Any CPU.Build.0 = Debug|Any CPU
		{C73AD09E-374C-4FEC-8AF0-44CCA291FF11}.Release|Any CPU.ActiveCfg = Release|Any CPU
		{C73AD09E-374C-4FEC-8AF0-44CCA291FF11}.Release|Any CPU.Build.0 = Release|Any CPU
	EndGlobalSection
	GlobalSection(SolutionProperties) = preSolution
		HideSolutionNode = FALSE
	EndGlobalSection
	GlobalSection(ExtensibilityGlobals) = postSolution
		SolutionGuid = {29D0D597-21E6-4F2B-85A9-84B312E41B07}
	EndGlobalSection
EndGlobal
